
Microsoft Visual Studio Solution File, Format Version 12.00
# Visual Studio Version 17
VisualStudioVersion = 17.2.32616.157
MinimumVisualStudioVersion = 10.0.40219.1
Project("{2150E333-8FDC-42A3-9474-1A3956D46DE8}") = "src", "src", "{EAF24961-558B-4CFA-BAFD-5A0A5199CA5F}"
EndProject
Project("{9A19103F-16F7-4668-BE54-9A1E7A4F7556}") = "TDArchive.Web", "src\TDArchive.Web\TDArchive.Web.csproj", "{B6F5D413-DF06-4C5C-8558-133DB36970E0}"
EndProject
Global
	GlobalSection(SolutionConfigurationPlatforms) = preSolution
		Debug|Any CPU = Debug|Any CPU
		Release|Any CPU = Release|Any CPU
	EndGlobalSection
	GlobalSection(ProjectConfigurationPlatforms) = postSolution
		{B6F5D413-DF06-4C5C-8558-133DB36970E0}.Debug|Any CPU.ActiveCfg = Debug|Any CPU
		{B6F5D413-DF06-4C5C-8558-133DB36970E0}.Debug|Any CPU.Build.0 = Debug|Any CPU
		{B6F5D413-DF06-4C5C-8558-133DB36970E0}.Release|Any CPU.ActiveCfg = Release|Any CPU
		{B6F5D413-DF06-4C5C-8558-133DB36970E0}.Release|Any CPU.Build.0 = Release|Any CPU
	EndGlobalSection
	GlobalSection(SolutionProperties) = preSolution
		HideSolutionNode = FALSE
	EndGlobalSection
	GlobalSection(NestedProjects) = preSolution
		{B6F5D413-DF06-4C5C-8558-133DB36970E0} = {EAF24961-558B-4CFA-BAFD-5A0A5199CA5F}
	EndGlobalSection
	GlobalSection(ExtensibilityGlobals) = postSolution
		SolutionGuid = {7024B4A2-5FC6-435D-893D-C35516A127B8}
	EndGlobalSection
EndGlobal
