
Microsoft Visual Studio Solution File, Format Version 12.00
# Visual Studio Version 17
VisualStudioVersion = 17.2.32616.157
MinimumVisualStudioVersion = 10.0.40219.1
Project("{2150E333-8FDC-42A3-9474-1A3956D46DE8}") = "src", "src", "{EAF24961-558B-4CFA-BAFD-5A0A5199CA5F}"
EndProject
Project("{9A19103F-16F7-4668-BE54-9A1E7A4F7556}") = "TDArchive.Web", "src\TDArchive.Web\TDArchive.Web.csproj", "{B6F5D413-DF06-4C5C-8558-133DB36970E0}"
EndProject
Project("{2150E333-8FDC-42A3-9474-1A3956D46DE8}") = "Themes", "Themes", "{CDD6DBDF-1E96-4ECF-8566-2F486D9C9815}"
EndProject
Project("{2150E333-8FDC-42A3-9474-1A3956D46DE8}") = "Modules", "Modules", "{ACBA93CA-A392-47D0-81C9-5AAC844F7379}"
EndProject
Project("{9A19103F-16F7-4668-BE54-9A1E7A4F7556}") = "TDArchive.Theme", "src\Themes\TDArchive.Theme\TDArchive.Theme.csproj", "{8F43C902-DAD0-497C-A560-8D6AD142FD39}"
EndProject
Project("{9A19103F-16F7-4668-BE54-9A1E7A4F7556}") = "TDArchive.Module", "src\Modules\TDArchive.Module\TDArchive.Module.csproj", "{2E588DDB-F33D-468A-94A9-DA171326F87D}"
EndProject
Global
	GlobalSection(SolutionConfigurationPlatforms) = preSolution
		Debug|Any CPU = Debug|Any CPU
		Release|Any CPU = Release|Any CPU
	EndGlobalSection
	GlobalSection(ProjectConfigurationPlatforms) = postSolution
		{B6F5D413-DF06-4C5C-8558-133DB36970E0}.Debug|Any CPU.ActiveCfg = Debug|Any CPU
		{B6F5D413-DF06-4C5C-8558-133DB36970E0}.Debug|Any CPU.Build.0 = Debug|Any CPU
		{B6F5D413-DF06-4C5C-8558-133DB36970E0}.Release|Any CPU.ActiveCfg = Release|Any CPU
		{B6F5D413-DF06-4C5C-8558-133DB36970E0}.Release|Any CPU.Build.0 = Release|Any CPU
		{8F43C902-DAD0-497C-A560-8D6AD142FD39}.Debug|Any CPU.ActiveCfg = Debug|Any CPU
		{8F43C902-DAD0-497C-A560-8D6AD142FD39}.Debug|Any CPU.Build.0 = Debug|Any CPU
		{8F43C902-DAD0-497C-A560-8D6AD142FD39}.Release|Any CPU.ActiveCfg = Release|Any CPU
		{8F43C902-DAD0-497C-A560-8D6AD142FD39}.Release|Any CPU.Build.0 = Release|Any CPU
		{2E588DDB-F33D-468A-94A9-DA171326F87D}.Debug|Any CPU.ActiveCfg = Debug|Any CPU
		{2E588DDB-F33D-468A-94A9-DA171326F87D}.Debug|Any CPU.Build.0 = Debug|Any CPU
		{2E588DDB-F33D-468A-94A9-DA171326F87D}.Release|Any CPU.ActiveCfg = Release|Any CPU
		{2E588DDB-F33D-468A-94A9-DA171326F87D}.Release|Any CPU.Build.0 = Release|Any CPU
	EndGlobalSection
	GlobalSection(SolutionProperties) = preSolution
		HideSolutionNode = FALSE
	EndGlobalSection
	GlobalSection(NestedProjects) = preSolution
		{B6F5D413-DF06-4C5C-8558-133DB36970E0} = {EAF24961-558B-4CFA-BAFD-5A0A5199CA5F}
		{CDD6DBDF-1E96-4ECF-8566-2F486D9C9815} = {EAF24961-558B-4CFA-BAFD-5A0A5199CA5F}
		{ACBA93CA-A392-47D0-81C9-5AAC844F7379} = {EAF24961-558B-4CFA-BAFD-5A0A5199CA5F}
		{8F43C902-DAD0-497C-A560-8D6AD142FD39} = {CDD6DBDF-1E96-4ECF-8566-2F486D9C9815}
		{2E588DDB-F33D-468A-94A9-DA171326F87D} = {ACBA93CA-A392-47D0-81C9-5AAC844F7379}
	EndGlobalSection
	GlobalSection(ExtensibilityGlobals) = postSolution
		SolutionGuid = {7024B4A2-5FC6-435D-893D-C35516A127B8}
	EndGlobalSection
EndGlobal
